// !$*UTF8*$!
{
	archiveVersion = 1;
	classes = {
	};
	objectVersion = 50;
	objects = {

/* Begin PBXBuildFile section */
		1941349723F04404004C6DF1 /* NetworkManager.swift in Sources */ = {isa = PBXBuildFile; fileRef = 1941349623F04404004C6DF1 /* NetworkManager.swift */; };
		197FCD2923F042E30068606D /* ViewModel.swift in Sources */ = {isa = PBXBuildFile; fileRef = 197FCD2823F042E30068606D /* ViewModel.swift */; };
		19F98F5F23F040D9002B3C42 /* AppDelegate.swift in Sources */ = {isa = PBXBuildFile; fileRef = 19F98F5E23F040D9002B3C42 /* AppDelegate.swift */; };
		19F98F6123F040D9002B3C42 /* SceneDelegate.swift in Sources */ = {isa = PBXBuildFile; fileRef = 19F98F6023F040D9002B3C42 /* SceneDelegate.swift */; };
		19F98F6323F040D9002B3C42 /* TableViewController.swift in Sources */ = {isa = PBXBuildFile; fileRef = 19F98F6223F040D9002B3C42 /* TableViewController.swift */; };
		19F98F6623F040D9002B3C42 /* Main.storyboard in Resources */ = {isa = PBXBuildFile; fileRef = 19F98F6423F040D9002B3C42 /* Main.storyboard */; };
		19F98F6823F040E0002B3C42 /* Assets.xcassets in Resources */ = {isa = PBXBuildFile; fileRef = 19F98F6723F040E0002B3C42 /* Assets.xcassets */; };
		19F98F6B23F040E0002B3C42 /* LaunchScreen.storyboard in Resources */ = {isa = PBXBuildFile; fileRef = 19F98F6923F040E0002B3C42 /* LaunchScreen.storyboard */; };
/* End PBXBuildFile section */

/* Begin PBXFileReference section */
		1941349623F04404004C6DF1 /* NetworkManager.swift */ = {isa = PBXFileReference; lastKnownFileType = sourcecode.swift; path = NetworkManager.swift; sourceTree = "<group>"; };
		197FCD2823F042E30068606D /* ViewModel.swift */ = {isa = PBXFileReference; lastKnownFileType = sourcecode.swift; path = ViewModel.swift; sourceTree = "<group>"; };
		19F98F5B23F040D9002B3C42 /* MVVM-3.app */ = {isa = PBXFileReference; explicitFileType = wrapper.application; includeInIndex = 0; path = "MVVM-3.app"; sourceTree = BUILT_PRODUCTS_DIR; };
		19F98F5E23F040D9002B3C42 /* AppDelegate.swift */ = {isa = PBXFileReference; lastKnownFileType = sourcecode.swift; path = AppDelegate.swift; sourceTree = "<group>"; };
		19F98F6023F040D9002B3C42 /* SceneDelegate.swift */ = {isa = PBXFileReference; lastKnownFileType = sourcecode.swift; path = SceneDelegate.swift; sourceTree = "<group>"; };
		19F98F6223F040D9002B3C42 /* TableViewController.swift */ = {isa = PBXFileReference; lastKnownFileType = sourcecode.swift; path = TableViewController.swift; sourceTree = "<group>"; };
		19F98F6523F040D9002B3C42 /* Base */ = {isa = PBXFileReference; lastKnownFileType = file.storyboard; name = Base; path = Base.lproj/Main.storyboard; sourceTree = "<group>"; };
		19F98F6723F040E0002B3C42 /* Assets.xcassets */ = {isa = PBXFileReference; lastKnownFileType = folder.assetcatalog; path = Assets.xcassets; sourceTree = "<group>"; };
		19F98F6A23F040E0002B3C42 /* Base */ = {isa = PBXFileReference; lastKnownFileType = file.storyboard; name = Base; path = Base.lproj/LaunchScreen.storyboard; sourceTree = "<group>"; };
		19F98F6C23F040E0002B3C42 /* Info.plist */ = {isa = PBXFileReference; lastKnownFileType = text.plist.xml; path = Info.plist; sourceTree = "<group>"; };
/* End PBXFileReference section */

/* Begin PBXFrameworksBuildPhase section */
		19F98F5823F040D9002B3C42 /* Frameworks */ = {
			isa = PBXFrameworksBuildPhase;
			buildActionMask = 2147483647;
			files = (
			);
			runOnlyForDeploymentPostprocessing = 0;
		};
/* End PBXFrameworksBuildPhase section */

/* Begin PBXGroup section */
		19307D6E23F0413200A9879D /* ViewModel */ = {
			isa = PBXGroup;
			children = (
				197FCD2823F042E30068606D /* ViewModel.swift */,
			);
			path = ViewModel;
			sourceTree = "<group>";
		};
		19307D6F23F0413600A9879D /* View */ = {
			isa = PBXGroup;
			children = (
				19F98F6423F040D9002B3C42 /* Main.storyboard */,
				19F98F6923F040E0002B3C42 /* LaunchScreen.storyboard */,
				19F98F6223F040D9002B3C42 /* TableViewController.swift */,
			);
			path = View;
			sourceTree = "<group>";
		};
		1941349523F043DF004C6DF1 /* SupportingServices */ = {
			isa = PBXGroup;
			children = (
				1941349623F04404004C6DF1 /* NetworkManager.swift */,
			);
			path = SupportingServices;
			sourceTree = "<group>";
		};
		19F98F5223F040D9002B3C42 = {
			isa = PBXGroup;
			children = (
				19F98F5D23F040D9002B3C42 /* MVVM-3 */,
				19F98F5C23F040D9002B3C42 /* Products */,
			);
			sourceTree = "<group>";
		};
		19F98F5C23F040D9002B3C42 /* Products */ = {
			isa = PBXGroup;
			children = (
				19F98F5B23F040D9002B3C42 /* MVVM-3.app */,
			);
			name = Products;
			sourceTree = "<group>";
		};
		19F98F5D23F040D9002B3C42 /* MVVM-3 */ = {
			isa = PBXGroup;
			children = (
				1941349523F043DF004C6DF1 /* SupportingServices */,
				19307D6F23F0413600A9879D /* View */,
				19307D6E23F0413200A9879D /* ViewModel */,
				19F98F7223F0411A002B3C42 /* SupportingFiles */,
			);
			path = "MVVM-3";
			sourceTree = "<group>";
		};
		19F98F7223F0411A002B3C42 /* SupportingFiles */ = {
			isa = PBXGroup;
			children = (
				19F98F5E23F040D9002B3C42 /* AppDelegate.swift */,
				19F98F6023F040D9002B3C42 /* SceneDelegate.swift */,
				19F98F6723F040E0002B3C42 /* Assets.xcassets */,
				19F98F6C23F040E0002B3C42 /* Info.plist */,
			);
			path = SupportingFiles;
			sourceTree = "<group>";
		};
/* End PBXGroup section */

/* Begin PBXNativeTarget section */
		19F98F5A23F040D9002B3C42 /* MVVM-3 */ = {
			isa = PBXNativeTarget;
			buildConfigurationList = 19F98F6F23F040E0002B3C42 /* Build configuration list for PBXNativeTarget "MVVM-3" */;
			buildPhases = (
				19F98F5723F040D9002B3C42 /* Sources */,
				19F98F5823F040D9002B3C42 /* Frameworks */,
				19F98F5923F040D9002B3C42 /* Resources */,
			);
			buildRules = (
			);
			dependencies = (
			);
			name = "MVVM-3";
			productName = "MVVM-3";
			productReference = 19F98F5B23F040D9002B3C42 /* MVVM-3.app */;
			productType = "com.apple.product-type.application";
		};
/* End PBXNativeTarget section */

/* Begin PBXProject section */
		19F98F5323F040D9002B3C42 /* Project object */ = {
			isa = PBXProject;
			attributes = {
				LastSwiftUpdateCheck = 1130;
				LastUpgradeCheck = 1250;
				ORGANIZATIONNAME = "Damir Lutfullin";
				TargetAttributes = {
					19F98F5A23F040D9002B3C42 = {
						CreatedOnToolsVersion = 11.3.1;
					};
				};
			};
			buildConfigurationList = 19F98F5623F040D9002B3C42 /* Build configuration list for PBXProject "MVVM-3" */;
			compatibilityVersion = "Xcode 9.3";
			developmentRegion = en;
			hasScannedForEncodings = 0;
			knownRegions = (
				en,
				Base,
			);
			mainGroup = 19F98F5223F040D9002B3C42;
			productRefGroup = 19F98F5C23F040D9002B3C42 /* Products */;
			projectDirPath = "";
			projectRoot = "";
			targets = (
				19F98F5A23F040D9002B3C42 /* MVVM-3 */,
			);
		};
/* End PBXProject section */

/* Begin PBXResourcesBuildPhase section */
		19F98F5923F040D9002B3C42 /* Resources */ = {
			isa = PBXResourcesBuildPhase;
			buildActionMask = 2147483647;
			files = (
				19F98F6B23F040E0002B3C42 /* LaunchScreen.storyboard in Resources */,
				19F98F6823F040E0002B3C42 /* Assets.xcassets in Resources */,
				19F98F6623F040D9002B3C42 /* Main.storyboard in Resources */,
			);
			runOnlyForDeploymentPostprocessing = 0;
		};
/* End PBXResourcesBuildPhase section */

/* Begin PBXSourcesBuildPhase section */
		19F98F5723F040D9002B3C42 /* Sources */ = {
			isa = PBXSourcesBuildPhase;
			buildActionMask = 2147483647;
			files = (
				19F98F6323F040D9002B3C42 /* TableViewController.swift in Sources */,
				19F98F5F23F040D9002B3C42 /* AppDelegate.swift in Sources */,
				1941349723F04404004C6DF1 /* NetworkManager.swift in Sources */,
				197FCD2923F042E30068606D /* ViewModel.swift in Sources */,
				19F98F6123F040D9002B3C42 /* SceneDelegate.swift in Sources */,
			);
			runOnlyForDeploymentPostprocessing = 0;
		};
/* End PBXSourcesBuildPhase section */

/* Begin PBXVariantGroup section */
		19F98F6423F040D9002B3C42 /* Main.storyboard */ = {
			isa = PBXVariantGroup;
			children = (
				19F98F6523F040D9002B3C42 /* Base */,
			);
			name = Main.storyboard;
			sourceTree = "<group>";
		};
		19F98F6923F040E0002B3C42 /* LaunchScreen.storyboard */ = {
			isa = PBXVariantGroup;
			children = (
				19F98F6A23F040E0002B3C42 /* Base */,
			);
			name = LaunchScreen.storyboard;
			sourceTree = "<group>";
		};
/* End PBXVariantGroup section */

/* Begin XCBuildConfiguration section */
		19F98F6D23F040E0002B3C42 /* Debug */ = {
			isa = XCBuildConfiguration;
			buildSettings = {
				ALWAYS_SEARCH_USER_PATHS = NO;
				CLANG_ANALYZER_NONNULL = YES;
				CLANG_ANALYZER_NUMBER_OBJECT_CONVERSION = YES_AGGRESSIVE;
				CLANG_CXX_LANGUAGE_STANDARD = "gnu++14";
				CLANG_CXX_LIBRARY = "libc++";
				CLANG_ENABLE_MODULES = YES;
				CLANG_ENABLE_OBJC_ARC = YES;
				CLANG_ENABLE_OBJC_WEAK = YES;
				CLANG_WARN_BLOCK_CAPTURE_AUTORELEASING = YES;
				CLANG_WARN_BOOL_CONVERSION = YES;
				CLANG_WARN_COMMA = YES;
				CLANG_WARN_CONSTANT_CONVERSION = YES;
				CLANG_WARN_DEPRECATED_OBJC_IMPLEMENTATIONS = YES;
				CLANG_WARN_DIRECT_OBJC_ISA_USAGE = YES_ERROR;
				CLANG_WARN_DOCUMENTATION_COMMENTS = YES;
				CLANG_WARN_EMPTY_BODY = YES;
				CLANG_WARN_ENUM_CONVERSION = YES;
				CLANG_WARN_INFINITE_RECURSION = YES;
				CLANG_WARN_INT_CONVERSION = YES;
				CLANG_WARN_NON_LITERAL_NULL_CONVERSION = YES;
				CLANG_WARN_OBJC_IMPLICIT_RETAIN_SELF = YES;
				CLANG_WARN_OBJC_LITERAL_CONVERSION = YES;
				CLANG_WARN_OBJC_ROOT_CLASS = YES_ERROR;
				CLANG_WARN_QUOTED_INCLUDE_IN_FRAMEWORK_HEADER = YES;
				CLANG_WARN_RANGE_LOOP_ANALYSIS = YES;
				CLANG_WARN_STRICT_PROTOTYPES = YES;
				CLANG_WARN_SUSPICIOUS_MOVE = YES;
				CLANG_WARN_UNGUARDED_AVAILABILITY = YES_AGGRESSIVE;
				CLANG_WARN_UNREACHABLE_CODE = YES;
				CLANG_WARN__DUPLICATE_METHOD_MATCH = YES;
				COPY_PHASE_STRIP = NO;
				DEBUG_INFORMATION_FORMAT = dwarf;
				ENABLE_STRICT_OBJC_MSGSEND = YES;
				ENABLE_TESTABILITY = YES;
				GCC_C_LANGUAGE_STANDARD = gnu11;
				GCC_DYNAMIC_NO_PIC = NO;
				GCC_NO_COMMON_BLOCKS = YES;
				GCC_OPTIMIZATION_LEVEL = 0;
				GCC_PREPROCESSOR_DEFINITIONS = (
					"DEBUG=1",
					"$(inherited)",
				);
				GCC_WARN_64_TO_32_BIT_CONVERSION = YES;
				GCC_WARN_ABOUT_RETURN_TYPE = YES_ERROR;
				GCC_WARN_UNDECLARED_SELECTOR = YES;
				GCC_WARN_UNINITIALIZED_AUTOS = YES_AGGRESSIVE;
				GCC_WARN_UNUSED_FUNCTION = YES;
				GCC_WARN_UNUSED_VARIABLE = YES;
				IPHONEOS_DEPLOYMENT_TARGET = 13.2;
				MTL_ENABLE_DEBUG_INFO = INCLUDE_SOURCE;
				MTL_FAST_MATH = YES;
				ONLY_ACTIVE_ARCH = YES;
				SDKROOT = iphoneos;
				SWIFT_ACTIVE_COMPILATION_CONDITIONS = DEBUG;
				SWIFT_OPTIMIZATION_LEVEL = "-Onone";
			};
			name = Debug;
		};
		19F98F6E23F040E0002B3C42 /* Release */ = {
			isa = XCBuildConfiguration;
			buildSettings = {
				ALWAYS_SEARCH_USER_PATHS = NO;
				CLANG_ANALYZER_NONNULL = YES;
				CLANG_ANALYZER_NUMBER_OBJECT_CONVERSION = YES_AGGRESSIVE;
				CLANG_CXX_LANGUAGE_STANDARD = "gnu++14";
				CLANG_CXX_LIBRARY = "libc++";
				CLANG_ENABLE_MODULES = YES;
				CLANG_ENABLE_OBJC_ARC = YES;
				CLANG_ENABLE_OBJC_WEAK = YES;
				CLANG_WARN_BLOCK_CAPTURE_AUTORELEASING = YES;
				CLANG_WARN_BOOL_CONVERSION = YES;
				CLANG_WARN_COMMA = YES;
				CLANG_WARN_CONSTANT_CONVERSION = YES;
				CLANG_WARN_DEPRECATED_OBJC_IMPLEMENTATIONS = YES;
				CLANG_WARN_DIRECT_OBJC_ISA_USAGE = YES_ERROR;
				CLANG_WARN_DOCUMENTATION_COMMENTS = YES;
				CLANG_WARN_EMPTY_BODY = YES;
				CLANG_WARN_ENUM_CONVERSION = YES;
				CLANG_WARN_INFINITE_RECURSION = YES;
				CLANG_WARN_INT_CONVERSION = YES;
				CLANG_WARN_NON_LITERAL_NULL_CONVERSION = YES;
				CLANG_WARN_OBJC_IMPLICIT_RETAIN_SELF = YES;
				CLANG_WARN_OBJC_LITERAL_CONVERSION = YES;
				CLANG_WARN_OBJC_ROOT_CLASS = YES_ERROR;
				CLANG_WARN_QUOTED_INCLUDE_IN_FRAMEWORK_HEADER = YES;
				CLANG_WARN_RANGE_LOOP_ANALYSIS = YES;
				CLANG_WARN_STRICT_PROTOTYPES = YES;
				CLANG_WARN_SUSPICIOUS_MOVE = YES;
				CLANG_WARN_UNGUARDED_AVAILABILITY = YES_AGGRESSIVE;
				CLANG_WARN_UNREACHABLE_CODE = YES;
				CLANG_WARN__DUPLICATE_METHOD_MATCH = YES;
				COPY_PHASE_STRIP = NO;
				DEBUG_INFORMATION_FORMAT = "dwarf-with-dsym";
				ENABLE_NS_ASSERTIONS = NO;
				ENABLE_STRICT_OBJC_MSGSEND = YES;
				GCC_C_LANGUAGE_STANDARD = gnu11;
				GCC_NO_COMMON_BLOCKS = YES;
				GCC_WARN_64_TO_32_BIT_CONVERSION = YES;
				GCC_WARN_ABOUT_RETURN_TYPE = YES_ERROR;
				GCC_WARN_UNDECLARED_SELECTOR = YES;
				GCC_WARN_UNINITIALIZED_AUTOS = YES_AGGRESSIVE;
				GCC_WARN_UNUSED_FUNCTION = YES;
				GCC_WARN_UNUSED_VARIABLE = YES;
				IPHONEOS_DEPLOYMENT_TARGET = 13.2;
				MTL_ENABLE_DEBUG_INFO = NO;
				MTL_FAST_MATH = YES;
				SDKROOT = iphoneos;
				SWIFT_COMPILATION_MODE = wholemodule;
				SWIFT_OPTIMIZATION_LEVEL = "-O";
				VALIDATE_PRODUCT = YES;
			};
			name = Release;
		};
		19F98F7023F040E0002B3C42 /* Debug */ = {
			isa = XCBuildConfiguration;
			buildSettings = {
				ASSETCATALOG_COMPILER_APPICON_NAME = AppIcon;
				CODE_SIGN_STYLE = Automatic;
				DEVELOPMENT_TEAM = TQU76263MV;
				INFOPLIST_FILE = "$(SRCROOT)/MVVM-3/SupportingFiles/Info.plist";
				LD_RUNPATH_SEARCH_PATHS = (
					"$(inherited)",
					"@executable_path/Frameworks",
				);
				PRODUCT_BUNDLE_IDENTIFIER = "DamirLutfullin.MVVM-3";
				PRODUCT_NAME = "$(TARGET_NAME)";
				SWIFT_VERSION = 5.0;
				TARGETED_DEVICE_FAMILY = "1,2";
			};
			name = Debug;
		};
		19F98F7123F040E0002B3C42 /* Release */ = {
			isa = XCBuildConfiguration;
			buildSettings = {
				ASSETCATALOG_COMPILER_APPICON_NAME = AppIcon;
				CODE_SIGN_STYLE = Automatic;
				DEVELOPMENT_TEAM = TQU76263MV;
				INFOPLIST_FILE = "$(SRCROOT)/MVVM-3/SupportingFiles/Info.plist";
				LD_RUNPATH_SEARCH_PATHS = (
					"$(inherited)",
					"@executable_path/Frameworks",
				);
				PRODUCT_BUNDLE_IDENTIFIER = "DamirLutfullin.MVVM-3";
				PRODUCT_NAME = "$(TARGET_NAME)";
				SWIFT_VERSION = 5.0;
				TARGETED_DEVICE_FAMILY = "1,2";
			};
			name = Release;
		};
/* End XCBuildConfiguration section */

/* Begin XCConfigurationList section */
		19F98F5623F040D9002B3C42 /* Build configuration list for PBXProject "MVVM-3" */ = {
			isa = XCConfigurationList;
			buildConfigurations = (
				19F98F6D23F040E0002B3C42 /* Debug */,
				19F98F6E23F040E0002B3C42 /* Release */,
			);
			defaultConfigurationIsVisible = 0;
			defaultConfigurationName = Release;
		};
		19F98F6F23F040E0002B3C42 /* Build configuration list for PBXNativeTarget "MVVM-3" */ = {
			isa = XCConfigurationList;
			buildConfigurations = (
				19F98F7023F040E0002B3C42 /* Debug */,
				19F98F7123F040E0002B3C42 /* Release */,
			);
			defaultConfigurationIsVisible = 0;
			defaultConfigurationName = Release;
		};
/* End XCConfigurationList section */
	};
	rootObject = 19F98F5323F040D9002B3C42 /* Project object */;
}
